{
  "checksum": "b7303b5bccc0a4eba5d62d4088521e6f78d88deec120b0a36471f6cde0547e8d",
  "crates": {
    "autocfg 1.1.0": {
      "name": "autocfg",
      "version": "1.1.0",
      "repository": {
        "Http": {
          "url": "https://crates.io/api/v1/crates/autocfg/1.1.0/download",
          "sha256": "d468802bab17cbc0cc575e9b053f41e72aa36bfa6b7f55e3529ffa43161b97fa"
        }
      },
      "targets": [
        {
          "Library": {
            "crate_name": "autocfg",
            "crate_root": "src/lib.rs",
            "srcs": [
              "**/*.rs"
            ]
          }
        }
      ],
      "library_target_name": "autocfg",
      "common_attrs": {
        "compile_data_glob": [
          "**"
        ],
        "edition": "2015",
        "version": "1.1.0"
      },
      "license": "Apache-2.0 OR MIT"
    },
    "direct-cargo-bazel-deps 0.0.1": {
      "name": "direct-cargo-bazel-deps",
      "version": "0.0.1",
      "repository": null,
      "targets": [
        {
          "Library": {
            "crate_name": "direct_cargo_bazel_deps",
            "crate_root": ".direct_cargo_bazel_deps.rs",
            "srcs": [
              "**/*.rs"
            ]
          }
        }
      ],
      "library_target_name": "direct_cargo_bazel_deps",
      "common_attrs": {
        "compile_data_glob": [
          "**"
        ],
        "deps": {
          "common": [
            {
              "id": "num 0.4.1",
              "target": "num"
            }
          ],
          "selects": {}
        },
        "edition": "2018",
        "version": "0.0.1"
      },
      "license": null
    },
    "num 0.4.1": {
      "name": "num",
      "version": "0.4.1",
      "repository": {
        "Http": {
          "url": "https://crates.io/api/v1/crates/num/0.4.1/download",
          "sha256": "b05180d69e3da0e530ba2a1dae5110317e49e3b7f3d41be227dc5f92e49ee7af"
        }
      },
      "targets": [
        {
          "Library": {
            "crate_name": "num",
            "crate_root": "src/lib.rs",
            "srcs": [
              "**/*.rs"
            ]
          }
        }
      ],
      "library_target_name": "num",
      "common_attrs": {
        "compile_data_glob": [
          "**"
        ],
        "crate_features": {
          "common": [
            "default",
            "num-bigint",
            "std"
          ],
          "selects": {}
        },
        "deps": {
          "common": [
            {
              "id": "num-bigint 0.4.3",
              "target": "num_bigint"
            },
            {
              "id": "num-complex 0.4.4",
              "target": "num_complex"
            },
            {
              "id": "num-integer 0.1.45",
              "target": "num_integer"
            },
            {
              "id": "num-iter 0.1.43",
              "target": "num_iter"
            },
            {
              "id": "num-rational 0.4.1",
              "target": "num_rational"
            },
            {
              "id": "num-traits 0.2.16",
              "target": "num_traits"
            }
          ],
          "selects": {}
        },
        "edition": "2018",
        "version": "0.4.1"
      },
      "license": "MIT OR Apache-2.0"
    },
    "num-bigint 0.4.3": {
      "name": "num-bigint",
      "version": "0.4.3",
      "repository": {
        "Http": {
          "url": "https://crates.io/api/v1/crates/num-bigint/0.4.3/download",
          "sha256": "f93ab6289c7b344a8a9f60f88d80aa20032336fe78da341afc91c8a2341fc75f"
        }
      },
      "targets": [
        {
          "Library": {
            "crate_name": "num_bigint",
            "crate_root": "src/lib.rs",
            "srcs": [
              "**/*.rs"
            ]
          }
        },
        {
          "BuildScript": {
            "crate_name": "build_script_build",
            "crate_root": "build.rs",
            "srcs": [
              "**/*.rs"
            ]
          }
        }
      ],
      "library_target_name": "num_bigint",
      "common_attrs": {
        "compile_data_glob": [
          "**"
        ],
        "crate_features": {
          "common": [
            "std"
          ],
          "selects": {}
        },
        "deps": {
          "common": [
            {
              "id": "num-bigint 0.4.3",
              "target": "build_script_build"
            },
            {
              "id": "num-integer 0.1.45",
              "target": "num_integer"
            },
            {
              "id": "num-traits 0.2.16",
              "target": "num_traits"
            }
          ],
          "selects": {}
        },
        "edition": "2018",
        "version": "0.4.3"
      },
      "build_script_attrs": {
        "data_glob": [
          "**"
        ],
        "deps": {
          "common": [
            {
              "id": "autocfg 1.1.0",
              "target": "autocfg"
            }
          ],
          "selects": {}
        }
      },
      "license": "MIT OR Apache-2.0"
    },
    "num-complex 0.4.4": {
      "name": "num-complex",
      "version": "0.4.4",
      "repository": {
        "Http": {
          "url": "https://crates.io/api/v1/crates/num-complex/0.4.4/download",
          "sha256": "1ba157ca0885411de85d6ca030ba7e2a83a28636056c7c699b07c8b6f7383214"
        }
      },
      "targets": [
        {
          "Library": {
            "crate_name": "num_complex",
            "crate_root": "src/lib.rs",
            "srcs": [
              "**/*.rs"
            ]
          }
        }
      ],
      "library_target_name": "num_complex",
      "common_attrs": {
        "compile_data_glob": [
          "**"
        ],
        "crate_features": {
          "common": [
            "std"
          ],
          "selects": {}
        },
        "deps": {
          "common": [
            {
              "id": "num-traits 0.2.16",
              "target": "num_traits"
            }
          ],
          "selects": {}
        },
        "edition": "2018",
        "version": "0.4.4"
      },
      "license": "MIT OR Apache-2.0"
    },
    "num-integer 0.1.45": {
      "name": "num-integer",
      "version": "0.1.45",
      "repository": {
        "Http": {
          "url": "https://crates.io/api/v1/crates/num-integer/0.1.45/download",
          "sha256": "225d3389fb3509a24c93f5c29eb6bde2586b98d9f016636dff58d7c6f7569cd9"
        }
      },
      "targets": [
        {
          "Library": {
            "crate_name": "num_integer",
            "crate_root": "src/lib.rs",
            "srcs": [
              "**/*.rs"
            ]
          }
        },
        {
          "BuildScript": {
            "crate_name": "build_script_build",
            "crate_root": "build.rs",
            "srcs": [
              "**/*.rs"
            ]
          }
        }
      ],
      "library_target_name": "num_integer",
      "common_attrs": {
        "compile_data_glob": [
          "**"
        ],
        "crate_features": {
          "common": [
            "i128",
            "std"
          ],
          "selects": {}
        },
        "deps": {
          "common": [
            {
              "id": "num-integer 0.1.45",
              "target": "build_script_build"
            },
            {
              "id": "num-traits 0.2.16",
              "target": "num_traits"
            }
          ],
          "selects": {}
        },
        "edition": "2015",
        "version": "0.1.45"
      },
      "build_script_attrs": {
        "data_glob": [
          "**"
        ],
        "deps": {
          "common": [
            {
              "id": "autocfg 1.1.0",
              "target": "autocfg"
            }
          ],
          "selects": {}
        }
      },
      "license": "MIT OR Apache-2.0"
    },
    "num-iter 0.1.43": {
      "name": "num-iter",
      "version": "0.1.43",
      "repository": {
        "Http": {
          "url": "https://crates.io/api/v1/crates/num-iter/0.1.43/download",
          "sha256": "7d03e6c028c5dc5cac6e2dec0efda81fc887605bb3d884578bb6d6bf7514e252"
        }
      },
      "targets": [
        {
          "Library": {
            "crate_name": "num_iter",
            "crate_root": "src/lib.rs",
            "srcs": [
              "**/*.rs"
            ]
          }
        },
        {
          "BuildScript": {
            "crate_name": "build_script_build",
            "crate_root": "build.rs",
            "srcs": [
              "**/*.rs"
            ]
          }
        }
      ],
      "library_target_name": "num_iter",
      "common_attrs": {
        "compile_data_glob": [
          "**"
        ],
        "crate_features": {
          "common": [
            "i128",
            "std"
          ],
          "selects": {}
        },
        "deps": {
          "common": [
            {
              "id": "num-integer 0.1.45",
              "target": "num_integer"
            },
            {
              "id": "num-iter 0.1.43",
              "target": "build_script_build"
            },
            {
              "id": "num-traits 0.2.16",
              "target": "num_traits"
            }
          ],
          "selects": {}
        },
        "edition": "2015",
        "version": "0.1.43"
      },
      "build_script_attrs": {
        "data_glob": [
          "**"
        ],
        "deps": {
          "common": [
            {
              "id": "autocfg 1.1.0",
              "target": "autocfg"
            }
          ],
          "selects": {}
        }
      },
      "license": "MIT OR Apache-2.0"
    },
    "num-rational 0.4.1": {
      "name": "num-rational",
      "version": "0.4.1",
      "repository": {
        "Http": {
          "url": "https://crates.io/api/v1/crates/num-rational/0.4.1/download",
          "sha256": "0638a1c9d0a3c0914158145bc76cff373a75a627e6ecbfb71cbe6f453a5a19b0"
        }
      },
      "targets": [
        {
          "Library": {
            "crate_name": "num_rational",
            "crate_root": "src/lib.rs",
            "srcs": [
              "**/*.rs"
            ]
          }
        },
        {
          "BuildScript": {
            "crate_name": "build_script_build",
            "crate_root": "build.rs",
            "srcs": [
              "**/*.rs"
            ]
          }
        }
      ],
      "library_target_name": "num_rational",
      "common_attrs": {
        "compile_data_glob": [
          "**"
        ],
        "crate_features": {
          "common": [
            "num-bigint",
            "num-bigint-std",
            "std"
          ],
          "selects": {}
        },
        "deps": {
          "common": [
            {
              "id": "num-bigint 0.4.3",
              "target": "num_bigint"
            },
            {
              "id": "num-integer 0.1.45",
              "target": "num_integer"
            },
            {
              "id": "num-rational 0.4.1",
              "target": "build_script_build"
            },
            {
              "id": "num-traits 0.2.16",
              "target": "num_traits"
            }
          ],
          "selects": {}
        },
        "edition": "2018",
        "version": "0.4.1"
      },
      "build_script_attrs": {
        "data_glob": [
          "**"
        ],
        "deps": {
          "common": [
            {
              "id": "autocfg 1.1.0",
              "target": "autocfg"
            }
          ],
          "selects": {}
        }
      },
      "license": "MIT OR Apache-2.0"
    },
    "num-traits 0.2.16": {
      "name": "num-traits",
      "version": "0.2.16",
      "repository": {
        "Http": {
          "url": "https://crates.io/api/v1/crates/num-traits/0.2.16/download",
          "sha256": "f30b0abd723be7e2ffca1272140fac1a2f084c77ec3e123c192b66af1ee9e6c2"
        }
      },
      "targets": [
        {
          "Library": {
            "crate_name": "num_traits",
            "crate_root": "src/lib.rs",
            "srcs": [
              "**/*.rs"
            ]
          }
        },
        {
          "BuildScript": {
            "crate_name": "build_script_build",
            "crate_root": "build.rs",
            "srcs": [
              "**/*.rs"
            ]
          }
        }
      ],
      "library_target_name": "num_traits",
      "common_attrs": {
        "compile_data_glob": [
          "**"
        ],
        "crate_features": {
          "common": [
            "i128",
            "std"
          ],
          "selects": {}
        },
        "deps": {
          "common": [
            {
              "id": "num-traits 0.2.16",
              "target": "build_script_build"
            }
          ],
          "selects": {}
        },
        "edition": "2018",
        "version": "0.2.16"
      },
      "build_script_attrs": {
        "data_glob": [
          "**"
        ],
        "deps": {
          "common": [
            {
              "id": "autocfg 1.1.0",
              "target": "autocfg"
            }
          ],
          "selects": {}
        }
      },
      "license": "MIT OR Apache-2.0"
    }
  },
  "binary_crates": [],
  "workspace_members": {
    "direct-cargo-bazel-deps 0.0.1": ""
  },
  "conditions": {}
}
